dependencies:
  discus:
    dependencies:
    - name: idf
      version: '>=4.1.0'
    - name: espressif/led_strip
      version: ^3
    source:
      path: /workspaces/discus/components/discus
      type: local
    version: '*'
  espressif/esp-zboss-lib:
    component_hash: 321883d142421f65009972408287441794250057668a11abbdfd8bec77c3309a
    dependencies:
    - name: idf
      require: private
      version: '>=5.0'
    source:
      registry_url: https://components.espressif.com/
      type: service
    version: 1.6.4
  espressif/esp-zigbee-lib:
    component_hash: 823ee1604d896bdcfd3d5dbe2b1eb84fdf089cffcbbe50e46d01d647861710ba
    dependencies:
    - name: idf
      require: private
      version: '>=5.0'
    source:
      registry_url: https://components.espressif.com/
      type: service
    version: 2.0.0
  espressif/led_strip:
    component_hash: 28621486f77229aaf81c71f5e15d6fbf36c2949cf11094e07090593e659e7639
    dependencies:
    - name: idf
      require: private
      version: '>=5.0'
    source:
      registry_url: https://components.espressif.com/
      type: service
    version: 3.0.3
  idf:
    source:
      type: idf
    version: 5.4.1
direct_dependencies:
- discus
- espressif/esp-zboss-lib
- espressif/esp-zigbee-lib
- espressif/led_strip
- idf
manifest_hash: 8039b909edfe63ca194efac91356877e58855512e500cc4ebd8d036b64c30cf0
target: esp32h2
version: 2.0.0
